// !$*UTF8*$!
{
	archiveVersion = 1;
	classes = {
	};
	objectVersion = 55;
	objects = {

/* Begin PBXBuildFile section */
		B83D4B1828329AF400688464 /* GoogleService-Info.plist in Resources */ = {isa = PBXBuildFile; fileRef = B83D4B1728329AF400688464 /* GoogleService-Info.plist */; };
		B83D4B1B284001F800688464 /* CHLogic.swift in Sources */ = {isa = PBXBuildFile; fileRef = B83D4B1A284001F800688464 /* CHLogic.swift */; };
		B83D4B1E2840039800688464 /* Game.swift in Sources */ = {isa = PBXBuildFile; fileRef = B83D4B1D2840039800688464 /* Game.swift */; };
		B83D4B202840321200688464 /* Player.swift in Sources */ = {isa = PBXBuildFile; fileRef = B83D4B1F2840321200688464 /* Player.swift */; };
		B8436F0627CE63A800947EF2 /* ScoreTableViewCell.swift in Sources */ = {isa = PBXBuildFile; fileRef = B8436F0427CE63A800947EF2 /* ScoreTableViewCell.swift */; };
		B8436F0727CE63A800947EF2 /* ScoreTableViewCell.xib in Resources */ = {isa = PBXBuildFile; fileRef = B8436F0527CE63A800947EF2 /* ScoreTableViewCell.xib */; };
		B8436F0927CE70E700947EF2 /* ScoreViewController.swift in Sources */ = {isa = PBXBuildFile; fileRef = B8436F0827CE70E700947EF2 /* ScoreViewController.swift */; };
		B8436F0B27CE70FE00947EF2 /* ScoreViewController.storyboard in Resources */ = {isa = PBXBuildFile; fileRef = B8436F0A27CE70FE00947EF2 /* ScoreViewController.storyboard */; };
		B847FD03286A67190076967E /* HistoryGamesDB.xcdatamodeld in Sources */ = {isa = PBXBuildFile; fileRef = B847FD01286A67190076967E /* HistoryGamesDB.xcdatamodeld */; };
		B847FD16286AFE5E0076967E /* GameHistory.swift in Sources */ = {isa = PBXBuildFile; fileRef = B847FD15286AFE5E0076967E /* GameHistory.swift */; };
		B847FD1B286B00270076967E /* PlayersDataDB+CoreDataProperties.swift in Sources */ = {isa = PBXBuildFile; fileRef = B847FD17286B00270076967E /* PlayersDataDB+CoreDataProperties.swift */; };
		B847FD1C286B00270076967E /* GamesDB+CoreDataProperties.swift in Sources */ = {isa = PBXBuildFile; fileRef = B847FD18286B00270076967E /* GamesDB+CoreDataProperties.swift */; };
		B847FD1D286B00270076967E /* GamesDB+CoreDataClass.swift in Sources */ = {isa = PBXBuildFile; fileRef = B847FD19286B00270076967E /* GamesDB+CoreDataClass.swift */; };
		B847FD1E286B00270076967E /* PlayersDataDB+CoreDataClass.swift in Sources */ = {isa = PBXBuildFile; fileRef = B847FD1A286B00270076967E /* PlayersDataDB+CoreDataClass.swift */; };
		B847FD20286B00690076967E /* PlayerHistory.swift in Sources */ = {isa = PBXBuildFile; fileRef = B847FD1F286B00690076967E /* PlayerHistory.swift */; };
		B847FD22286B02420076967E /* CoreDataManager.swift in Sources */ = {isa = PBXBuildFile; fileRef = B847FD21286B02420076967E /* CoreDataManager.swift */; };
		B858213A286463BC00D02D03 /* UserPanelView.swift in Sources */ = {isa = PBXBuildFile; fileRef = B8582139286463BC00D02D03 /* UserPanelView.swift */; };
		B858213D286463E100D02D03 /* UserPanelView.xib in Resources */ = {isa = PBXBuildFile; fileRef = B858213C286463E100D02D03 /* UserPanelView.xib */; };
		B85821452864DA3500D02D03 /* Int.swift in Sources */ = {isa = PBXBuildFile; fileRef = B85821442864DA3500D02D03 /* Int.swift */; };
		B85821482865043C00D02D03 /* PropertyViewController.swift in Sources */ = {isa = PBXBuildFile; fileRef = B85821472865043C00D02D03 /* PropertyViewController.swift */; };
		B858214A2865045100D02D03 /* PropertyViewController.storyboard in Resources */ = {isa = PBXBuildFile; fileRef = B85821492865045100D02D03 /* PropertyViewController.storyboard */; };
		B88826F6286B9B7100831F73 /* String + CoreKit.swift in Sources */ = {isa = PBXBuildFile; fileRef = B88826F5286B9B7100831F73 /* String + CoreKit.swift */; };
		B88826FA286BAD8000831F73 /* LanguageTableViewCell.swift in Sources */ = {isa = PBXBuildFile; fileRef = B88826F8286BAD8000831F73 /* LanguageTableViewCell.swift */; };
		B88826FB286BAD8000831F73 /* LanguageTableViewCell.xib in Resources */ = {isa = PBXBuildFile; fileRef = B88826F9286BAD8000831F73 /* LanguageTableViewCell.xib */; };
		B88826FF286BAE9A00831F73 /* LanguageCollectionViewCell.swift in Sources */ = {isa = PBXBuildFile; fileRef = B88826FD286BAE9A00831F73 /* LanguageCollectionViewCell.swift */; };
		B8882700286BAE9A00831F73 /* LanguageCollectionViewCell.xib in Resources */ = {isa = PBXBuildFile; fileRef = B88826FE286BAE9A00831F73 /* LanguageCollectionViewCell.xib */; };
		B8882705286BB52600831F73 /* Localizable.strings in Resources */ = {isa = PBXBuildFile; fileRef = B8882707286BB52600831F73 /* Localizable.strings */; };
		B8BD3D8929087CA200EDC67B /* ShowAdsTableViewCell.xib in Resources */ = {isa = PBXBuildFile; fileRef = B8BD3D8729087CA200EDC67B /* ShowAdsTableViewCell.xib */; };
		B8BD3D8A29087CA200EDC67B /* ShowAdsTableViewCell.swift in Sources */ = {isa = PBXBuildFile; fileRef = B8BD3D8829087CA200EDC67B /* ShowAdsTableViewCell.swift */; };
		B8FDE71F27C5769A0087F33C /* AppDelegate.swift in Sources */ = {isa = PBXBuildFile; fileRef = B8FDE71E27C5769A0087F33C /* AppDelegate.swift */; };
		B8FDE72127C5769A0087F33C /* SceneDelegate.swift in Sources */ = {isa = PBXBuildFile; fileRef = B8FDE72027C5769A0087F33C /* SceneDelegate.swift */; };
		B8FDE72827C5769C0087F33C /* Assets.xcassets in Resources */ = {isa = PBXBuildFile; fileRef = B8FDE72727C5769C0087F33C /* Assets.xcassets */; };
		B8FDE72B27C5769C0087F33C /* LaunchScreen.storyboard in Resources */ = {isa = PBXBuildFile; fileRef = B8FDE72927C5769C0087F33C /* LaunchScreen.storyboard */; };
		B8FDE73827C576E50087F33C /* UIView.swift in Sources */ = {isa = PBXBuildFile; fileRef = B8FDE73327C576E50087F33C /* UIView.swift */; };
		B8FDE73B27C576E50087F33C /* UIViewController + CoreKit.swift in Sources */ = {isa = PBXBuildFile; fileRef = B8FDE73627C576E50087F33C /* UIViewController + CoreKit.swift */; };
		B8FDE73C27C576E50087F33C /* UILabel.swift in Sources */ = {isa = PBXBuildFile; fileRef = B8FDE73727C576E50087F33C /* UILabel.swift */; };
		B8FDE74B27C5772F0087F33C /* StartViewController.swift in Sources */ = {isa = PBXBuildFile; fileRef = B8FDE74427C5772F0087F33C /* StartViewController.swift */; };
		B8FDE74F27C577450087F33C /* Constants.swift in Sources */ = {isa = PBXBuildFile; fileRef = B8FDE74E27C577450087F33C /* Constants.swift */; };
		B8FDE75327C57D690087F33C /* GradientBackgroundView.swift in Sources */ = {isa = PBXBuildFile; fileRef = B8FDE75227C57D690087F33C /* GradientBackgroundView.swift */; };
		B8FDE75527C584400087F33C /* UITextField.swift in Sources */ = {isa = PBXBuildFile; fileRef = B8FDE75427C584400087F33C /* UITextField.swift */; };
		B8FDE75A27C589F90087F33C /* BorderButton.swift in Sources */ = {isa = PBXBuildFile; fileRef = B8FDE75827C589F90087F33C /* BorderButton.swift */; };
		B8FDE75B27C589F90087F33C /* BorderButton.xib in Resources */ = {isa = PBXBuildFile; fileRef = B8FDE75927C589F90087F33C /* BorderButton.xib */; };
		B8FDE75F27C59B540087F33C /* MenuViewController.storyboard in Resources */ = {isa = PBXBuildFile; fileRef = B8FDE75D27C59B540087F33C /* MenuViewController.storyboard */; };
		B8FDE76027C59B540087F33C /* MenuViewController.swift in Sources */ = {isa = PBXBuildFile; fileRef = B8FDE75E27C59B540087F33C /* MenuViewController.swift */; };
		B8FDE76327C59C240087F33C /* Settings.swift in Sources */ = {isa = PBXBuildFile; fileRef = B8FDE76227C59C240087F33C /* Settings.swift */; };
		B8FDE76727C5B6440087F33C /* GameViewController.storyboard in Resources */ = {isa = PBXBuildFile; fileRef = B8FDE76527C5B6440087F33C /* GameViewController.storyboard */; };
		B8FDE76827C5B6440087F33C /* GameViewController.swift in Sources */ = {isa = PBXBuildFile; fileRef = B8FDE76627C5B6440087F33C /* GameViewController.swift */; };
		B8FDE76A27C643150087F33C /* ChessView.swift in Sources */ = {isa = PBXBuildFile; fileRef = B8FDE76927C643140087F33C /* ChessView.swift */; };
		B8FDE76E27C853860087F33C /* SettingsViewController.swift in Sources */ = {isa = PBXBuildFile; fileRef = B8FDE76D27C853860087F33C /* SettingsViewController.swift */; };
		B8FDE77027C853910087F33C /* SettingsViewController.storyboard in Resources */ = {isa = PBXBuildFile; fileRef = B8FDE76F27C853910087F33C /* SettingsViewController.storyboard */; };
		B8FDE77D27C9163C0087F33C /* BackgroundGradientCollectionViewCell.swift in Sources */ = {isa = PBXBuildFile; fileRef = B8FDE77627C9163C0087F33C /* BackgroundGradientCollectionViewCell.swift */; };
		B8FDE77E27C9163C0087F33C /* BackgroundGradientCollectionViewCell.xib in Resources */ = {isa = PBXBuildFile; fileRef = B8FDE77727C9163C0087F33C /* BackgroundGradientCollectionViewCell.xib */; };
		B8FDE78427C91B190087F33C /* BackgroundGradientTableViewCell.swift in Sources */ = {isa = PBXBuildFile; fileRef = B8FDE78227C91B190087F33C /* BackgroundGradientTableViewCell.swift */; };
		B8FDE78527C91B190087F33C /* BackgroundGradientTableViewCell.xib in Resources */ = {isa = PBXBuildFile; fileRef = B8FDE78327C91B190087F33C /* BackgroundGradientTableViewCell.xib */; };
		F935EE94F954B06C2C810E46 /* Pods_Checkers_KulakovDenis_.framework in Frameworks */ = {isa = PBXBuildFile; fileRef = EA209AA0A82F95A3BEDCD598 /* Pods_Checkers_KulakovDenis_.framework */; };
/* End PBXBuildFile section */

/* Begin PBXFileReference section */
		4CBF364AB4587FB18A4C75A3 /* Pods-Checkers(KulakovDenis).release.xcconfig */ = {isa = PBXFileReference; includeInIndex = 1; lastKnownFileType = text.xcconfig; name = "Pods-Checkers(KulakovDenis).release.xcconfig"; path = "Target Support Files/Pods-Checkers(KulakovDenis)/Pods-Checkers(KulakovDenis).release.xcconfig"; sourceTree = "<group>"; };
		A941C8D2ADF64AC35B14A425 /* Pods-Checkers(KulakovDenis).debug.xcconfig */ = {isa = PBXFileReference; includeInIndex = 1; lastKnownFileType = text.xcconfig; name = "Pods-Checkers(KulakovDenis).debug.xcconfig"; path = "Target Support Files/Pods-Checkers(KulakovDenis)/Pods-Checkers(KulakovDenis).debug.xcconfig"; sourceTree = "<group>"; };
		B83D4B1728329AF400688464 /* GoogleService-Info.plist */ = {isa = PBXFileReference; fileEncoding = 4; lastKnownFileType = text.plist.xml; path = "GoogleService-Info.plist"; sourceTree = "<group>"; };
		B83D4B1A284001F800688464 /* CHLogic.swift */ = {isa = PBXFileReference; lastKnownFileType = sourcecode.swift; path = CHLogic.swift; sourceTree = "<group>"; };
		B83D4B1D2840039800688464 /* Game.swift */ = {isa = PBXFileReference; lastKnownFileType = sourcecode.swift; path = Game.swift; sourceTree = "<group>"; };
		B83D4B1F2840321200688464 /* Player.swift */ = {isa = PBXFileReference; lastKnownFileType = sourcecode.swift; path = Player.swift; sourceTree = "<group>"; };
		B8436F0427CE63A800947EF2 /* ScoreTableViewCell.swift */ = {isa = PBXFileReference; lastKnownFileType = sourcecode.swift; path = ScoreTableViewCell.swift; sourceTree = "<group>"; };
		B8436F0527CE63A800947EF2 /* ScoreTableViewCell.xib */ = {isa = PBXFileReference; lastKnownFileType = file.xib; path = ScoreTableViewCell.xib; sourceTree = "<group>"; };
		B8436F0827CE70E700947EF2 /* ScoreViewController.swift */ = {isa = PBXFileReference; lastKnownFileType = sourcecode.swift; path = ScoreViewController.swift; sourceTree = "<group>"; };
		B8436F0A27CE70FE00947EF2 /* ScoreViewController.storyboard */ = {isa = PBXFileReference; lastKnownFileType = file.storyboard; path = ScoreViewController.storyboard; sourceTree = "<group>"; };
		B847FD02286A67190076967E /* HistoryGamesDB.xcdatamodel */ = {isa = PBXFileReference; lastKnownFileType = wrapper.xcdatamodel; path = HistoryGamesDB.xcdatamodel; sourceTree = "<group>"; };
		B847FD15286AFE5E0076967E /* GameHistory.swift */ = {isa = PBXFileReference; lastKnownFileType = sourcecode.swift; path = GameHistory.swift; sourceTree = "<group>"; };
		B847FD17286B00270076967E /* PlayersDataDB+CoreDataProperties.swift */ = {isa = PBXFileReference; fileEncoding = 4; lastKnownFileType = sourcecode.swift; path = "PlayersDataDB+CoreDataProperties.swift"; sourceTree = "<group>"; };
		B847FD18286B00270076967E /* GamesDB+CoreDataProperties.swift */ = {isa = PBXFileReference; fileEncoding = 4; lastKnownFileType = sourcecode.swift; path = "GamesDB+CoreDataProperties.swift"; sourceTree = "<group>"; };
		B847FD19286B00270076967E /* GamesDB+CoreDataClass.swift */ = {isa = PBXFileReference; fileEncoding = 4; lastKnownFileType = sourcecode.swift; path = "GamesDB+CoreDataClass.swift"; sourceTree = "<group>"; };
		B847FD1A286B00270076967E /* PlayersDataDB+CoreDataClass.swift */ = {isa = PBXFileReference; fileEncoding = 4; lastKnownFileType = sourcecode.swift; path = "PlayersDataDB+CoreDataClass.swift"; sourceTree = "<group>"; };
		B847FD1F286B00690076967E /* PlayerHistory.swift */ = {isa = PBXFileReference; lastKnownFileType = sourcecode.swift; path = PlayerHistory.swift; sourceTree = "<group>"; };
		B847FD21286B02420076967E /* CoreDataManager.swift */ = {isa = PBXFileReference; lastKnownFileType = sourcecode.swift; path = CoreDataManager.swift; sourceTree = "<group>"; };
		B8582139286463BC00D02D03 /* UserPanelView.swift */ = {isa = PBXFileReference; lastKnownFileType = sourcecode.swift; path = UserPanelView.swift; sourceTree = "<group>"; };
		B858213C286463E100D02D03 /* UserPanelView.xib */ = {isa = PBXFileReference; lastKnownFileType = file.xib; path = UserPanelView.xib; sourceTree = "<group>"; };
		B85821442864DA3500D02D03 /* Int.swift */ = {isa = PBXFileReference; lastKnownFileType = sourcecode.swift; path = Int.swift; sourceTree = "<group>"; };
		B85821472865043C00D02D03 /* PropertyViewController.swift */ = {isa = PBXFileReference; lastKnownFileType = sourcecode.swift; path = PropertyViewController.swift; sourceTree = "<group>"; };
		B85821492865045100D02D03 /* PropertyViewController.storyboard */ = {isa = PBXFileReference; lastKnownFileType = file.storyboard; path = PropertyViewController.storyboard; sourceTree = "<group>"; };
		B88826F5286B9B7100831F73 /* String + CoreKit.swift */ = {isa = PBXFileReference; fileEncoding = 4; lastKnownFileType = sourcecode.swift; path = "String + CoreKit.swift"; sourceTree = "<group>"; };
		B88826F8286BAD8000831F73 /* LanguageTableViewCell.swift */ = {isa = PBXFileReference; lastKnownFileType = sourcecode.swift; path = LanguageTableViewCell.swift; sourceTree = "<group>"; };
		B88826F9286BAD8000831F73 /* LanguageTableViewCell.xib */ = {isa = PBXFileReference; lastKnownFileType = file.xib; path = LanguageTableViewCell.xib; sourceTree = "<group>"; };
		B88826FD286BAE9A00831F73 /* LanguageCollectionViewCell.swift */ = {isa = PBXFileReference; lastKnownFileType = sourcecode.swift; path = LanguageCollectionViewCell.swift; sourceTree = "<group>"; };
		B88826FE286BAE9A00831F73 /* LanguageCollectionViewCell.xib */ = {isa = PBXFileReference; lastKnownFileType = file.xib; path = LanguageCollectionViewCell.xib; sourceTree = "<group>"; };
		B8882706286BB52600831F73 /* en */ = {isa = PBXFileReference; lastKnownFileType = text.plist.strings; name = en; path = en.lproj/Localizable.strings; sourceTree = "<group>"; };
		B8882711286BB60400831F73 /* ru */ = {isa = PBXFileReference; lastKnownFileType = text.plist.strings; name = ru; path = ru.lproj/Localizable.strings; sourceTree = "<group>"; };
		B8882712286BB60400831F73 /* ru */ = {isa = PBXFileReference; lastKnownFileType = file.storyboard; name = ru; path = ru.lproj/LaunchScreen.storyboard; sourceTree = "<group>"; };
		B8882713286BB82300831F73 /* be */ = {isa = PBXFileReference; lastKnownFileType = text.plist.strings; name = be; path = be.lproj/Localizable.strings; sourceTree = "<group>"; };
		B8882714286BB82300831F73 /* be */ = {isa = PBXFileReference; lastKnownFileType = file.storyboard; name = be; path = be.lproj/LaunchScreen.storyboard; sourceTree = "<group>"; };
		B8BD3D8729087CA200EDC67B /* ShowAdsTableViewCell.xib */ = {isa = PBXFileReference; fileEncoding = 4; lastKnownFileType = file.xib; path = ShowAdsTableViewCell.xib; sourceTree = "<group>"; };
		B8BD3D8829087CA200EDC67B /* ShowAdsTableViewCell.swift */ = {isa = PBXFileReference; fileEncoding = 4; lastKnownFileType = sourcecode.swift; path = ShowAdsTableViewCell.swift; sourceTree = "<group>"; };
		B8FDE71B27C5769A0087F33C /* Checkers(KulakovDenis).app */ = {isa = PBXFileReference; explicitFileType = wrapper.application; includeInIndex = 0; path = "Checkers(KulakovDenis).app"; sourceTree = BUILT_PRODUCTS_DIR; };
		B8FDE71E27C5769A0087F33C /* AppDelegate.swift */ = {isa = PBXFileReference; lastKnownFileType = sourcecode.swift; path = AppDelegate.swift; sourceTree = "<group>"; };
		B8FDE72027C5769A0087F33C /* SceneDelegate.swift */ = {isa = PBXFileReference; lastKnownFileType = sourcecode.swift; path = SceneDelegate.swift; sourceTree = "<group>"; };
		B8FDE72727C5769C0087F33C /* Assets.xcassets */ = {isa = PBXFileReference; lastKnownFileType = folder.assetcatalog; path = Assets.xcassets; sourceTree = "<group>"; };
		B8FDE72C27C5769C0087F33C /* Info.plist */ = {isa = PBXFileReference; lastKnownFileType = text.plist.xml; path = Info.plist; sourceTree = "<group>"; };
		B8FDE73327C576E50087F33C /* UIView.swift */ = {isa = PBXFileReference; fileEncoding = 4; lastKnownFileType = sourcecode.swift; path = UIView.swift; sourceTree = "<group>"; };
		B8FDE73627C576E50087F33C /* UIViewController + CoreKit.swift */ = {isa = PBXFileReference; fileEncoding = 4; lastKnownFileType = sourcecode.swift; path = "UIViewController + CoreKit.swift"; sourceTree = "<group>"; };
		B8FDE73727C576E50087F33C /* UILabel.swift */ = {isa = PBXFileReference; fileEncoding = 4; lastKnownFileType = sourcecode.swift; path = UILabel.swift; sourceTree = "<group>"; };
		B8FDE74427C5772F0087F33C /* StartViewController.swift */ = {isa = PBXFileReference; fileEncoding = 4; lastKnownFileType = sourcecode.swift; path = StartViewController.swift; sourceTree = "<group>"; };
		B8FDE74E27C577450087F33C /* Constants.swift */ = {isa = PBXFileReference; fileEncoding = 4; lastKnownFileType = sourcecode.swift; path = Constants.swift; sourceTree = "<group>"; };
		B8FDE75227C57D690087F33C /* GradientBackgroundView.swift */ = {isa = PBXFileReference; lastKnownFileType = sourcecode.swift; path = GradientBackgroundView.swift; sourceTree = "<group>"; };
		B8FDE75427C584400087F33C /* UITextField.swift */ = {isa = PBXFileReference; lastKnownFileType = sourcecode.swift; path = UITextField.swift; sourceTree = "<group>"; };
		B8FDE75827C589F90087F33C /* BorderButton.swift */ = {isa = PBXFileReference; fileEncoding = 4; lastKnownFileType = sourcecode.swift; path = BorderButton.swift; sourceTree = "<group>"; };
		B8FDE75927C589F90087F33C /* BorderButton.xib */ = {isa = PBXFileReference; fileEncoding = 4; lastKnownFileType = file.xib; path = BorderButton.xib; sourceTree = "<group>"; };
		B8FDE75D27C59B540087F33C /* MenuViewController.storyboard */ = {isa = PBXFileReference; fileEncoding = 4; lastKnownFileType = file.storyboard; path = MenuViewController.storyboard; sourceTree = "<group>"; };
		B8FDE75E27C59B540087F33C /* MenuViewController.swift */ = {isa = PBXFileReference; fileEncoding = 4; lastKnownFileType = sourcecode.swift; path = MenuViewController.swift; sourceTree = "<group>"; };
		B8FDE76227C59C240087F33C /* Settings.swift */ = {isa = PBXFileReference; fileEncoding = 4; lastKnownFileType = sourcecode.swift; path = Settings.swift; sourceTree = "<group>"; };
		B8FDE76527C5B6440087F33C /* GameViewController.storyboard */ = {isa = PBXFileReference; fileEncoding = 4; lastKnownFileType = file.storyboard; path = GameViewController.storyboard; sourceTree = "<group>"; };
		B8FDE76627C5B6440087F33C /* GameViewController.swift */ = {isa = PBXFileReference; fileEncoding = 4; lastKnownFileType = sourcecode.swift; path = GameViewController.swift; sourceTree = "<group>"; };
		B8FDE76927C643140087F33C /* ChessView.swift */ = {isa = PBXFileReference; fileEncoding = 4; lastKnownFileType = sourcecode.swift; path = ChessView.swift; sourceTree = "<group>"; };
		B8FDE76D27C853860087F33C /* SettingsViewController.swift */ = {isa = PBXFileReference; lastKnownFileType = sourcecode.swift; path = SettingsViewController.swift; sourceTree = "<group>"; };
		B8FDE76F27C853910087F33C /* SettingsViewController.storyboard */ = {isa = PBXFileReference; lastKnownFileType = file.storyboard; path = SettingsViewController.storyboard; sourceTree = "<group>"; };
		B8FDE77627C9163C0087F33C /* BackgroundGradientCollectionViewCell.swift */ = {isa = PBXFileReference; fileEncoding = 4; lastKnownFileType = sourcecode.swift; path = BackgroundGradientCollectionViewCell.swift; sourceTree = "<group>"; };
		B8FDE77727C9163C0087F33C /* BackgroundGradientCollectionViewCell.xib */ = {isa = PBXFileReference; fileEncoding = 4; lastKnownFileType = file.xib; path = BackgroundGradientCollectionViewCell.xib; sourceTree = "<group>"; };
		B8FDE78227C91B190087F33C /* BackgroundGradientTableViewCell.swift */ = {isa = PBXFileReference; fileEncoding = 4; lastKnownFileType = sourcecode.swift; path = BackgroundGradientTableViewCell.swift; sourceTree = "<group>"; };
		B8FDE78327C91B190087F33C /* BackgroundGradientTableViewCell.xib */ = {isa = PBXFileReference; fileEncoding = 4; lastKnownFileType = file.xib; path = BackgroundGradientTableViewCell.xib; sourceTree = "<group>"; };
		EA209AA0A82F95A3BEDCD598 /* Pods_Checkers_KulakovDenis_.framework */ = {isa = PBXFileReference; explicitFileType = wrapper.framework; includeInIndex = 0; path = Pods_Checkers_KulakovDenis_.framework; sourceTree = BUILT_PRODUCTS_DIR; };
/* End PBXFileReference section */

/* Begin PBXFrameworksBuildPhase section */
		B8FDE71827C5769A0087F33C /* Frameworks */ = {
			isa = PBXFrameworksBuildPhase;
			buildActionMask = 2147483647;
			files = (
				F935EE94F954B06C2C810E46 /* Pods_Checkers_KulakovDenis_.framework in Frameworks */,
			);
			runOnlyForDeploymentPostprocessing = 0;
		};
/* End PBXFrameworksBuildPhase section */

/* Begin PBXGroup section */
		8BF403F03E5738300EE9A558 /* Frameworks */ = {
			isa = PBXGroup;
			children = (
				EA209AA0A82F95A3BEDCD598 /* Pods_Checkers_KulakovDenis_.framework */,
			);
			name = Frameworks;
			sourceTree = "<group>";
		};
		A1D58A0DCE284206E4210805 /* Pods */ = {
			isa = PBXGroup;
			children = (
				A941C8D2ADF64AC35B14A425 /* Pods-Checkers(KulakovDenis).debug.xcconfig */,
				4CBF364AB4587FB18A4C75A3 /* Pods-Checkers(KulakovDenis).release.xcconfig */,
			);
			path = Pods;
			sourceTree = "<group>";
		};
		B83D4B1C2840037B00688464 /* Models */ = {
			isa = PBXGroup;
			children = (
				B83D4B1A284001F800688464 /* CHLogic.swift */,
				B83D4B1D2840039800688464 /* Game.swift */,
				B83D4B1F2840321200688464 /* Player.swift */,
				B847FD04286A6A260076967E /* CoreDataModeles */,
			);
			path = Models;
			sourceTree = "<group>";
		};
		B8436F0327CE637100947EF2 /* ScoreCell */ = {
			isa = PBXGroup;
			children = (
				B8436F0427CE63A800947EF2 /* ScoreTableViewCell.swift */,
				B8436F0527CE63A800947EF2 /* ScoreTableViewCell.xib */,
			);
			path = ScoreCell;
			sourceTree = "<group>";
		};
		B8436F0C27CE710600947EF2 /* ScoreViewController */ = {
			isa = PBXGroup;
			children = (
				B8436F0827CE70E700947EF2 /* ScoreViewController.swift */,
				B8436F0A27CE70FE00947EF2 /* ScoreViewController.storyboard */,
			);
			path = ScoreViewController;
			sourceTree = "<group>";
		};
		B847FD04286A6A260076967E /* CoreDataModeles */ = {
			isa = PBXGroup;
			children = (
				B847FD19286B00270076967E /* GamesDB+CoreDataClass.swift */,
				B847FD18286B00270076967E /* GamesDB+CoreDataProperties.swift */,
				B847FD1A286B00270076967E /* PlayersDataDB+CoreDataClass.swift */,
				B847FD17286B00270076967E /* PlayersDataDB+CoreDataProperties.swift */,
				B847FD15286AFE5E0076967E /* GameHistory.swift */,
				B847FD1F286B00690076967E /* PlayerHistory.swift */,
			);
			path = CoreDataModeles;
			sourceTree = "<group>";
		};
		B858213B286463C900D02D03 /* UserPanelView */ = {
			isa = PBXGroup;
			children = (
				B8582139286463BC00D02D03 /* UserPanelView.swift */,
				B858213C286463E100D02D03 /* UserPanelView.xib */,
			);
			path = UserPanelView;
			sourceTree = "<group>";
		};
		B8582146286503C900D02D03 /* PropertyViewController */ = {
			isa = PBXGroup;
			children = (
				B85821472865043C00D02D03 /* PropertyViewController.swift */,
				B85821492865045100D02D03 /* PropertyViewController.storyboard */,
			);
			path = PropertyViewController;
			sourceTree = "<group>";
		};
		B88826F7286BAD3700831F73 /* LanguageTableViewCell */ = {
			isa = PBXGroup;
			children = (
				B88826F8286BAD8000831F73 /* LanguageTableViewCell.swift */,
				B88826F9286BAD8000831F73 /* LanguageTableViewCell.xib */,
			);
			path = LanguageTableViewCell;
			sourceTree = "<group>";
		};
		B88826FC286BAE6900831F73 /* LanguageCollectionViewCell */ = {
			isa = PBXGroup;
			children = (
				B88826FD286BAE9A00831F73 /* LanguageCollectionViewCell.swift */,
				B88826FE286BAE9A00831F73 /* LanguageCollectionViewCell.xib */,
			);
			path = LanguageCollectionViewCell;
			sourceTree = "<group>";
		};
		B8882702286BB50000831F73 /* Localization */ = {
			isa = PBXGroup;
			children = (
				B8882707286BB52600831F73 /* Localizable.strings */,
			);
			path = Localization;
			sourceTree = "<group>";
		};
		B8F813E929087B9000B97F67 /* ShowAdsTableViewCell */ = {
			isa = PBXGroup;
			children = (
				B8BD3D8829087CA200EDC67B /* ShowAdsTableViewCell.swift */,
				B8BD3D8729087CA200EDC67B /* ShowAdsTableViewCell.xib */,
			);
			path = ShowAdsTableViewCell;
			sourceTree = "<group>";
		};
		B8FDE71227C5769A0087F33C = {
			isa = PBXGroup;
			children = (
				B8FDE71D27C5769A0087F33C /* Checkers(KulakovDenis) */,
				B8FDE71C27C5769A0087F33C /* Products */,
				A1D58A0DCE284206E4210805 /* Pods */,
				8BF403F03E5738300EE9A558 /* Frameworks */,
			);
			sourceTree = "<group>";
		};
		B8FDE71C27C5769A0087F33C /* Products */ = {
			isa = PBXGroup;
			children = (
				B8FDE71B27C5769A0087F33C /* Checkers(KulakovDenis).app */,
			);
			name = Products;
			sourceTree = "<group>";
		};
		B8FDE71D27C5769A0087F33C /* Checkers(KulakovDenis) */ = {
			isa = PBXGroup;
			children = (
				B8FDE71E27C5769A0087F33C /* AppDelegate.swift */,
				B8FDE72027C5769A0087F33C /* SceneDelegate.swift */,
				B83D4B1C2840037B00688464 /* Models */,
				B8FDE76B27C643190087F33C /* Views */,
				B8FDE77127C9163C0087F33C /* TableCells */,
				B8FDE73D27C5772F0087F33C /* ViewControllers */,
				B8FDE76127C59C240087F33C /* Services */,
				B8FDE75027C57D140087F33C /* IBDesignables */,
				B8FDE73227C576E50087F33C /* Extentions */,
				B8882702286BB50000831F73 /* Localization */,
				B8FDE72727C5769C0087F33C /* Assets.xcassets */,
				B8FDE74E27C577450087F33C /* Constants.swift */,
				B8FDE72927C5769C0087F33C /* LaunchScreen.storyboard */,
				B8FDE72C27C5769C0087F33C /* Info.plist */,
				B847FD01286A67190076967E /* HistoryGamesDB.xcdatamodeld */,
				B83D4B1728329AF400688464 /* GoogleService-Info.plist */,
			);
			path = "Checkers(KulakovDenis)";
			sourceTree = "<group>";
		};
		B8FDE73227C576E50087F33C /* Extentions */ = {
			isa = PBXGroup;
			children = (
				B8FDE73327C576E50087F33C /* UIView.swift */,
				B8FDE73627C576E50087F33C /* UIViewController + CoreKit.swift */,
				B8FDE73727C576E50087F33C /* UILabel.swift */,
				B8FDE75427C584400087F33C /* UITextField.swift */,
				B88826F5286B9B7100831F73 /* String + CoreKit.swift */,
				B85821442864DA3500D02D03 /* Int.swift */,
			);
			path = Extentions;
			sourceTree = "<group>";
		};
		B8FDE73D27C5772F0087F33C /* ViewControllers */ = {
			isa = PBXGroup;
			children = (
				B8FDE74127C5772F0087F33C /* StartViewController */,
				B8FDE75C27C59B540087F33C /* MenuViewController */,
				B8FDE76C27C853530087F33C /* SettingsViewController */,
				B8FDE76427C5B6440087F33C /* GameViewController */,
				B8582146286503C900D02D03 /* PropertyViewController */,
				B8436F0C27CE710600947EF2 /* ScoreViewController */,
			);
			path = ViewControllers;
			sourceTree = "<group>";
		};
		B8FDE74127C5772F0087F33C /* StartViewController */ = {
			isa = PBXGroup;
			children = (
				B8FDE74427C5772F0087F33C /* StartViewController.swift */,
			);
			path = StartViewController;
			sourceTree = "<group>";
		};
		B8FDE75027C57D140087F33C /* IBDesignables */ = {
			isa = PBXGroup;
			children = (
				B8FDE75727C589F90087F33C /* BorderButton */,
				B8FDE75127C57D320087F33C /* BackgroundGradient */,
			);
			path = IBDesignables;
			sourceTree = "<group>";
		};
		B8FDE75127C57D320087F33C /* BackgroundGradient */ = {
			isa = PBXGroup;
			children = (
				B8FDE75227C57D690087F33C /* GradientBackgroundView.swift */,
			);
			path = BackgroundGradient;
			sourceTree = "<group>";
		};
		B8FDE75727C589F90087F33C /* BorderButton */ = {
			isa = PBXGroup;
			children = (
				B8FDE75827C589F90087F33C /* BorderButton.swift */,
				B8FDE75927C589F90087F33C /* BorderButton.xib */,
			);
			path = BorderButton;
			sourceTree = "<group>";
		};
		B8FDE75C27C59B540087F33C /* MenuViewController */ = {
			isa = PBXGroup;
			children = (
				B8FDE75E27C59B540087F33C /* MenuViewController.swift */,
				B8FDE75D27C59B540087F33C /* MenuViewController.storyboard */,
			);
			path = MenuViewController;
			sourceTree = "<group>";
		};
		B8FDE76127C59C240087F33C /* Services */ = {
			isa = PBXGroup;
			children = (
				B8FDE76227C59C240087F33C /* Settings.swift */,
				B847FD21286B02420076967E /* CoreDataManager.swift */,
			);
			path = Services;
			sourceTree = "<group>";
		};
		B8FDE76427C5B6440087F33C /* GameViewController */ = {
			isa = PBXGroup;
			children = (
				B8FDE76627C5B6440087F33C /* GameViewController.swift */,
				B8FDE76527C5B6440087F33C /* GameViewController.storyboard */,
			);
			path = GameViewController;
			sourceTree = "<group>";
		};
		B8FDE76B27C643190087F33C /* Views */ = {
			isa = PBXGroup;
			children = (
				B8FDE76927C643140087F33C /* ChessView.swift */,
				B858213B286463C900D02D03 /* UserPanelView */,
			);
			path = Views;
			sourceTree = "<group>";
		};
		B8FDE76C27C853530087F33C /* SettingsViewController */ = {
			isa = PBXGroup;
			children = (
				B8FDE76D27C853860087F33C /* SettingsViewController.swift */,
				B8FDE76F27C853910087F33C /* SettingsViewController.storyboard */,
			);
			path = SettingsViewController;
			sourceTree = "<group>";
		};
		B8FDE77127C9163C0087F33C /* TableCells */ = {
			isa = PBXGroup;
			children = (
				B8F813E929087B9000B97F67 /* ShowAdsTableViewCell */,
				B88826FC286BAE6900831F73 /* LanguageCollectionViewCell */,
				B88826F7286BAD3700831F73 /* LanguageTableViewCell */,
				B8436F0327CE637100947EF2 /* ScoreCell */,
				B8FDE78127C91B190087F33C /* GradientTableViewCell */,
				B8FDE77527C9163C0087F33C /* GradientCollectionViewCell */,
			);
			path = TableCells;
			sourceTree = "<group>";
		};
		B8FDE77527C9163C0087F33C /* GradientCollectionViewCell */ = {
			isa = PBXGroup;
			children = (
				B8FDE77627C9163C0087F33C /* BackgroundGradientCollectionViewCell.swift */,
				B8FDE77727C9163C0087F33C /* BackgroundGradientCollectionViewCell.xib */,
			);
			path = GradientCollectionViewCell;
			sourceTree = "<group>";
		};
		B8FDE78127C91B190087F33C /* GradientTableViewCell */ = {
			isa = PBXGroup;
			children = (
				B8FDE78227C91B190087F33C /* BackgroundGradientTableViewCell.swift */,
				B8FDE78327C91B190087F33C /* BackgroundGradientTableViewCell.xib */,
			);
			path = GradientTableViewCell;
			sourceTree = "<group>";
		};
/* End PBXGroup section */

/* Begin PBXNativeTarget section */
		B8FDE71A27C5769A0087F33C /* Checkers(KulakovDenis) */ = {
			isa = PBXNativeTarget;
			buildConfigurationList = B8FDE72F27C5769C0087F33C /* Build configuration list for PBXNativeTarget "Checkers(KulakovDenis)" */;
			buildPhases = (
				B8BD3D8B2910015900EDC67B /* ShellScript */,
				F33D54C6657BB477319D081A /* [CP] Check Pods Manifest.lock */,
				B8FDE71727C5769A0087F33C /* Sources */,
				B8FDE71827C5769A0087F33C /* Frameworks */,
				B8FDE71927C5769A0087F33C /* Resources */,
				1812F084C91A31F291B97658 /* [CP] Embed Pods Frameworks */,
			);
			buildRules = (
			);
			dependencies = (
			);
			name = "Checkers(KulakovDenis)";
			productName = "Checkers(KulakovDenis)";
			productReference = B8FDE71B27C5769A0087F33C /* Checkers(KulakovDenis).app */;
			productType = "com.apple.product-type.application";
		};
/* End PBXNativeTarget section */

/* Begin PBXProject section */
		B8FDE71327C5769A0087F33C /* Project object */ = {
			isa = PBXProject;
			attributes = {
				BuildIndependentTargetsInParallel = 1;
				LastSwiftUpdateCheck = 1320;
				LastUpgradeCheck = 1320;
				TargetAttributes = {
					B8FDE71A27C5769A0087F33C = {
						CreatedOnToolsVersion = 13.2.1;
					};
				};
			};
			buildConfigurationList = B8FDE71627C5769A0087F33C /* Build configuration list for PBXProject "Checkers(KulakovDenis)" */;
			compatibilityVersion = "Xcode 13.0";
			developmentRegion = en;
			hasScannedForEncodings = 0;
			knownRegions = (
				en,
				ru,
				be,
			);
			mainGroup = B8FDE71227C5769A0087F33C;
			productRefGroup = B8FDE71C27C5769A0087F33C /* Products */;
			projectDirPath = "";
			projectRoot = "";
			targets = (
				B8FDE71A27C5769A0087F33C /* Checkers(KulakovDenis) */,
			);
		};
/* End PBXProject section */

/* Begin PBXResourcesBuildPhase section */
		B8FDE71927C5769A0087F33C /* Resources */ = {
			isa = PBXResourcesBuildPhase;
			buildActionMask = 2147483647;
			files = (
				B8882705286BB52600831F73 /* Localizable.strings in Resources */,
				B8436F0727CE63A800947EF2 /* ScoreTableViewCell.xib in Resources */,
				B8FDE77027C853910087F33C /* SettingsViewController.storyboard in Resources */,
				B8FDE78527C91B190087F33C /* BackgroundGradientTableViewCell.xib in Resources */,
				B8436F0B27CE70FE00947EF2 /* ScoreViewController.storyboard in Resources */,
				B858213D286463E100D02D03 /* UserPanelView.xib in Resources */,
				B858214A2865045100D02D03 /* PropertyViewController.storyboard in Resources */,
				B83D4B1828329AF400688464 /* GoogleService-Info.plist in Resources */,
				B88826FB286BAD8000831F73 /* LanguageTableViewCell.xib in Resources */,
				B8FDE72B27C5769C0087F33C /* LaunchScreen.storyboard in Resources */,
				B8882700286BAE9A00831F73 /* LanguageCollectionViewCell.xib in Resources */,
				B8FDE72827C5769C0087F33C /* Assets.xcassets in Resources */,
				B8FDE76727C5B6440087F33C /* GameViewController.storyboard in Resources */,
				B8FDE75B27C589F90087F33C /* BorderButton.xib in Resources */,
				B8BD3D8929087CA200EDC67B /* ShowAdsTableViewCell.xib in Resources */,
				B8FDE75F27C59B540087F33C /* MenuViewController.storyboard in Resources */,
				B8FDE77E27C9163C0087F33C /* BackgroundGradientCollectionViewCell.xib in Resources */,
			);
			runOnlyForDeploymentPostprocessing = 0;
		};
/* End PBXResourcesBuildPhase section */

/* Begin PBXShellScriptBuildPhase section */
		1812F084C91A31F291B97658 /* [CP] Embed Pods Frameworks */ = {
			isa = PBXShellScriptBuildPhase;
			buildActionMask = 2147483647;
			files = (
			);
			inputFileListPaths = (
				"${PODS_ROOT}/Target Support Files/Pods-Checkers(KulakovDenis)/Pods-Checkers(KulakovDenis)-frameworks-${CONFIGURATION}-input-files.xcfilelist",
			);
			name = "[CP] Embed Pods Frameworks";
			outputFileListPaths = (
				"${PODS_ROOT}/Target Support Files/Pods-Checkers(KulakovDenis)/Pods-Checkers(KulakovDenis)-frameworks-${CONFIGURATION}-output-files.xcfilelist",
			);
			runOnlyForDeploymentPostprocessing = 0;
			shellPath = /bin/sh;
			shellScript = "\"${PODS_ROOT}/Target Support Files/Pods-Checkers(KulakovDenis)/Pods-Checkers(KulakovDenis)-frameworks.sh\"\n";
			showEnvVarsInLog = 0;
		};
		B8BD3D8B2910015900EDC67B /* ShellScript */ = {
			isa = PBXShellScriptBuildPhase;
			buildActionMask = 2147483647;
			files = (
			);
			inputFileListPaths = (
			);
			inputPaths = (
			);
			outputFileListPaths = (
			);
			outputPaths = (
			);
			runOnlyForDeploymentPostprocessing = 0;
			shellPath = /bin/sh;
			shellScript = "export PATH=\"$PATH:/opt/homebrew/bin\"\nif which swiftlint > /dev/null; then\n  swiftlint\nelse\n  echo \"warning: SwiftLint not installed, download from https://github.com/realm/SwiftLint\"\nfi\n";
		};
		F33D54C6657BB477319D081A /* [CP] Check Pods Manifest.lock */ = {
			isa = PBXShellScriptBuildPhase;
			buildActionMask = 2147483647;
			files = (
			);
			inputFileListPaths = (
			);
			inputPaths = (
				"${PODS_PODFILE_DIR_PATH}/Podfile.lock",
				"${PODS_ROOT}/Manifest.lock",
			);
			name = "[CP] Check Pods Manifest.lock";
			outputFileListPaths = (
			);
			outputPaths = (
				"$(DERIVED_FILE_DIR)/Pods-Checkers(KulakovDenis)-checkManifestLockResult.txt",
			);
			runOnlyForDeploymentPostprocessing = 0;
			shellPath = /bin/sh;
			shellScript = "diff \"${PODS_PODFILE_DIR_PATH}/Podfile.lock\" \"${PODS_ROOT}/Manifest.lock\" > /dev/null\nif [ $? != 0 ] ; then\n    # print error to STDERR\n    echo \"error: The sandbox is not in sync with the Podfile.lock. Run 'pod install' or update your CocoaPods installation.\" >&2\n    exit 1\nfi\n# This output is used by Xcode 'outputs' to avoid re-running this script phase.\necho \"SUCCESS\" > \"${SCRIPT_OUTPUT_FILE_0}\"\n";
			showEnvVarsInLog = 0;
		};
/* End PBXShellScriptBuildPhase section */

/* Begin PBXSourcesBuildPhase section */
		B8FDE71727C5769A0087F33C /* Sources */ = {
			isa = PBXSourcesBuildPhase;
			buildActionMask = 2147483647;
			files = (
				B847FD03286A67190076967E /* HistoryGamesDB.xcdatamodeld in Sources */,
				B8FDE73B27C576E50087F33C /* UIViewController + CoreKit.swift in Sources */,
				B85821452864DA3500D02D03 /* Int.swift in Sources */,
				B8FDE74F27C577450087F33C /* Constants.swift in Sources */,
				B8FDE71F27C5769A0087F33C /* AppDelegate.swift in Sources */,
				B8FDE75A27C589F90087F33C /* BorderButton.swift in Sources */,
				B88826FA286BAD8000831F73 /* LanguageTableViewCell.swift in Sources */,
				B847FD16286AFE5E0076967E /* GameHistory.swift in Sources */,
				B83D4B202840321200688464 /* Player.swift in Sources */,
				B8FDE76327C59C240087F33C /* Settings.swift in Sources */,
				B8FDE75527C584400087F33C /* UITextField.swift in Sources */,
				B8FDE78427C91B190087F33C /* BackgroundGradientTableViewCell.swift in Sources */,
				B847FD1C286B00270076967E /* GamesDB+CoreDataProperties.swift in Sources */,
				B8FDE73C27C576E50087F33C /* UILabel.swift in Sources */,
				B847FD1D286B00270076967E /* GamesDB+CoreDataClass.swift in Sources */,
				B8FDE77D27C9163C0087F33C /* BackgroundGradientCollectionViewCell.swift in Sources */,
				B847FD1E286B00270076967E /* PlayersDataDB+CoreDataClass.swift in Sources */,
				B8FDE75327C57D690087F33C /* GradientBackgroundView.swift in Sources */,
				B8436F0627CE63A800947EF2 /* ScoreTableViewCell.swift in Sources */,
				B83D4B1B284001F800688464 /* CHLogic.swift in Sources */,
				B88826FF286BAE9A00831F73 /* LanguageCollectionViewCell.swift in Sources */,
				B8FDE76027C59B540087F33C /* MenuViewController.swift in Sources */,
				B8BD3D8A29087CA200EDC67B /* ShowAdsTableViewCell.swift in Sources */,
				B85821482865043C00D02D03 /* PropertyViewController.swift in Sources */,
				B8FDE76827C5B6440087F33C /* GameViewController.swift in Sources */,
				B847FD20286B00690076967E /* PlayerHistory.swift in Sources */,
				B8436F0927CE70E700947EF2 /* ScoreViewController.swift in Sources */,
				B858213A286463BC00D02D03 /* UserPanelView.swift in Sources */,
				B847FD1B286B00270076967E /* PlayersDataDB+CoreDataProperties.swift in Sources */,
				B8FDE76A27C643150087F33C /* ChessView.swift in Sources */,
				B88826F6286B9B7100831F73 /* String + CoreKit.swift in Sources */,
				B8FDE76E27C853860087F33C /* SettingsViewController.swift in Sources */,
				B8FDE74B27C5772F0087F33C /* StartViewController.swift in Sources */,
				B8FDE73827C576E50087F33C /* UIView.swift in Sources */,
				B8FDE72127C5769A0087F33C /* SceneDelegate.swift in Sources */,
				B847FD22286B02420076967E /* CoreDataManager.swift in Sources */,
				B83D4B1E2840039800688464 /* Game.swift in Sources */,
			);
			runOnlyForDeploymentPostprocessing = 0;
		};
/* End PBXSourcesBuildPhase section */

/* Begin PBXVariantGroup section */
		B8882707286BB52600831F73 /* Localizable.strings */ = {
			isa = PBXVariantGroup;
			children = (
				B8882706286BB52600831F73 /* en */,
				B8882711286BB60400831F73 /* ru */,
				B8882713286BB82300831F73 /* be */,
			);
			name = Localizable.strings;
			sourceTree = "<group>";
		};
		B8FDE72927C5769C0087F33C /* LaunchScreen.storyboard */ = {
			isa = PBXVariantGroup;
			children = (
				B8882712286BB60400831F73 /* ru */,
				B8882714286BB82300831F73 /* be */,
			);
			name = LaunchScreen.storyboard;
			sourceTree = "<group>";
		};
/* End PBXVariantGroup section */

/* Begin XCBuildConfiguration section */
		B8FDE72D27C5769C0087F33C /* Debug */ = {
			isa = XCBuildConfiguration;
			buildSettings = {
				ALWAYS_SEARCH_USER_PATHS = NO;
				CLANG_ANALYZER_LOCALIZABILITY_NONLOCALIZED = YES;
				CLANG_ANALYZER_NONNULL = YES;
				CLANG_ANALYZER_NUMBER_OBJECT_CONVERSION = YES_AGGRESSIVE;
				CLANG_CXX_LANGUAGE_STANDARD = "gnu++17";
				CLANG_CXX_LIBRARY = "libc++";
				CLANG_ENABLE_MODULES = YES;
				CLANG_ENABLE_OBJC_ARC = YES;
				CLANG_ENABLE_OBJC_WEAK = YES;
				CLANG_WARN_BLOCK_CAPTURE_AUTORELEASING = YES;
				CLANG_WARN_BOOL_CONVERSION = YES;
				CLANG_WARN_COMMA = YES;
				CLANG_WARN_CONSTANT_CONVERSION = YES;
				CLANG_WARN_DEPRECATED_OBJC_IMPLEMENTATIONS = YES;
				CLANG_WARN_DIRECT_OBJC_ISA_USAGE = YES_ERROR;
				CLANG_WARN_DOCUMENTATION_COMMENTS = YES;
				CLANG_WARN_EMPTY_BODY = YES;
				CLANG_WARN_ENUM_CONVERSION = YES;
				CLANG_WARN_INFINITE_RECURSION = YES;
				CLANG_WARN_INT_CONVERSION = YES;
				CLANG_WARN_NON_LITERAL_NULL_CONVERSION = YES;
				CLANG_WARN_OBJC_IMPLICIT_RETAIN_SELF = YES;
				CLANG_WARN_OBJC_LITERAL_CONVERSION = YES;
				CLANG_WARN_OBJC_ROOT_CLASS = YES_ERROR;
				CLANG_WARN_QUOTED_INCLUDE_IN_FRAMEWORK_HEADER = YES;
				CLANG_WARN_RANGE_LOOP_ANALYSIS = YES;
				CLANG_WARN_STRICT_PROTOTYPES = YES;
				CLANG_WARN_SUSPICIOUS_MOVE = YES;
				CLANG_WARN_UNGUARDED_AVAILABILITY = YES_AGGRESSIVE;
				CLANG_WARN_UNREACHABLE_CODE = YES;
				CLANG_WARN__DUPLICATE_METHOD_MATCH = YES;
				COPY_PHASE_STRIP = NO;
				DEBUG_INFORMATION_FORMAT = dwarf;
				ENABLE_STRICT_OBJC_MSGSEND = YES;
				ENABLE_TESTABILITY = YES;
				GCC_C_LANGUAGE_STANDARD = gnu11;
				GCC_DYNAMIC_NO_PIC = NO;
				GCC_NO_COMMON_BLOCKS = YES;
				GCC_OPTIMIZATION_LEVEL = 0;
				GCC_PREPROCESSOR_DEFINITIONS = (
					"DEBUG=1",
					"$(inherited)",
				);
				GCC_WARN_64_TO_32_BIT_CONVERSION = YES;
				GCC_WARN_ABOUT_RETURN_TYPE = YES_ERROR;
				GCC_WARN_UNDECLARED_SELECTOR = YES;
				GCC_WARN_UNINITIALIZED_AUTOS = YES_AGGRESSIVE;
				GCC_WARN_UNUSED_FUNCTION = YES;
				GCC_WARN_UNUSED_VARIABLE = YES;
				IPHONEOS_DEPLOYMENT_TARGET = 13.0;
				MTL_ENABLE_DEBUG_INFO = INCLUDE_SOURCE;
				MTL_FAST_MATH = YES;
				ONLY_ACTIVE_ARCH = YES;
				SDKROOT = iphoneos;
				SWIFT_ACTIVE_COMPILATION_CONDITIONS = DEBUG;
				SWIFT_OPTIMIZATION_LEVEL = "-Onone";
			};
			name = Debug;
		};
		B8FDE72E27C5769C0087F33C /* Release */ = {
			isa = XCBuildConfiguration;
			buildSettings = {
				ALWAYS_SEARCH_USER_PATHS = NO;
				CLANG_ANALYZER_LOCALIZABILITY_NONLOCALIZED = YES;
				CLANG_ANALYZER_NONNULL = YES;
				CLANG_ANALYZER_NUMBER_OBJECT_CONVERSION = YES_AGGRESSIVE;
				CLANG_CXX_LANGUAGE_STANDARD = "gnu++17";
				CLANG_CXX_LIBRARY = "libc++";
				CLANG_ENABLE_MODULES = YES;
				CLANG_ENABLE_OBJC_ARC = YES;
				CLANG_ENABLE_OBJC_WEAK = YES;
				CLANG_WARN_BLOCK_CAPTURE_AUTORELEASING = YES;
				CLANG_WARN_BOOL_CONVERSION = YES;
				CLANG_WARN_COMMA = YES;
				CLANG_WARN_CONSTANT_CONVERSION = YES;
				CLANG_WARN_DEPRECATED_OBJC_IMPLEMENTATIONS = YES;
				CLANG_WARN_DIRECT_OBJC_ISA_USAGE = YES_ERROR;
				CLANG_WARN_DOCUMENTATION_COMMENTS = YES;
				CLANG_WARN_EMPTY_BODY = YES;
				CLANG_WARN_ENUM_CONVERSION = YES;
				CLANG_WARN_INFINITE_RECURSION = YES;
				CLANG_WARN_INT_CONVERSION = YES;
				CLANG_WARN_NON_LITERAL_NULL_CONVERSION = YES;
				CLANG_WARN_OBJC_IMPLICIT_RETAIN_SELF = YES;
				CLANG_WARN_OBJC_LITERAL_CONVERSION = YES;
				CLANG_WARN_OBJC_ROOT_CLASS = YES_ERROR;
				CLANG_WARN_QUOTED_INCLUDE_IN_FRAMEWORK_HEADER = YES;
				CLANG_WARN_RANGE_LOOP_ANALYSIS = YES;
				CLANG_WARN_STRICT_PROTOTYPES = YES;
				CLANG_WARN_SUSPICIOUS_MOVE = YES;
				CLANG_WARN_UNGUARDED_AVAILABILITY = YES_AGGRESSIVE;
				CLANG_WARN_UNREACHABLE_CODE = YES;
				CLANG_WARN__DUPLICATE_METHOD_MATCH = YES;
				COPY_PHASE_STRIP = NO;
				DEBUG_INFORMATION_FORMAT = "dwarf-with-dsym";
				ENABLE_NS_ASSERTIONS = NO;
				ENABLE_STRICT_OBJC_MSGSEND = YES;
				GCC_C_LANGUAGE_STANDARD = gnu11;
				GCC_NO_COMMON_BLOCKS = YES;
				GCC_WARN_64_TO_32_BIT_CONVERSION = YES;
				GCC_WARN_ABOUT_RETURN_TYPE = YES_ERROR;
				GCC_WARN_UNDECLARED_SELECTOR = YES;
				GCC_WARN_UNINITIALIZED_AUTOS = YES_AGGRESSIVE;
				GCC_WARN_UNUSED_FUNCTION = YES;
				GCC_WARN_UNUSED_VARIABLE = YES;
				IPHONEOS_DEPLOYMENT_TARGET = 13.0;
				MTL_ENABLE_DEBUG_INFO = NO;
				MTL_FAST_MATH = YES;
				SDKROOT = iphoneos;
				SWIFT_COMPILATION_MODE = wholemodule;
				SWIFT_OPTIMIZATION_LEVEL = "-O";
				VALIDATE_PRODUCT = YES;
			};
			name = Release;
		};
		B8FDE73027C5769C0087F33C /* Debug */ = {
			isa = XCBuildConfiguration;
			baseConfigurationReference = A941C8D2ADF64AC35B14A425 /* Pods-Checkers(KulakovDenis).debug.xcconfig */;
			buildSettings = {
				ASSETCATALOG_COMPILER_APPICON_NAME = AppIcon;
				ASSETCATALOG_COMPILER_GLOBAL_ACCENT_COLOR_NAME = AccentColor;
				CODE_SIGN_STYLE = Automatic;
				CURRENT_PROJECT_VERSION = 1;
				DEVELOPMENT_TEAM = 6464RAB4U4;
				GENERATE_INFOPLIST_FILE = YES;
				INFOPLIST_FILE = "Checkers(KulakovDenis)/Info.plist";
				INFOPLIST_KEY_CFBundleDisplayName = Checkers;
				INFOPLIST_KEY_UIApplicationSupportsIndirectInputEvents = YES;
				INFOPLIST_KEY_UILaunchStoryboardName = LaunchScreen;
				INFOPLIST_KEY_UISupportedInterfaceOrientations = UIInterfaceOrientationPortrait;
				INFOPLIST_KEY_UISupportedInterfaceOrientations_iPad = "UIInterfaceOrientationPortrait UIInterfaceOrientationPortraitUpsideDown UIInterfaceOrientationLandscapeLeft UIInterfaceOrientationLandscapeRight";
				INFOPLIST_KEY_UISupportedInterfaceOrientations_iPhone = "UIInterfaceOrientationPortrait UIInterfaceOrientationLandscapeLeft UIInterfaceOrientationLandscapeRight";
				IPHONEOS_DEPLOYMENT_TARGET = 13.0;
				LD_RUNPATH_SEARCH_PATHS = (
					"$(inherited)",
					"@executable_path/Frameworks",
				);
				MARKETING_VERSION = 1.0;
				PRODUCT_BUNDLE_IDENTIFIER = com.kulakov.Checkers;
				PRODUCT_NAME = "$(TARGET_NAME)";
				SWIFT_EMIT_LOC_STRINGS = YES;
				SWIFT_VERSION = 5.0;
				TARGETED_DEVICE_FAMILY = "1,2";
			};
			name = Debug;
		};
		B8FDE73127C5769C0087F33C /* Release */ = {
			isa = XCBuildConfiguration;
			baseConfigurationReference = 4CBF364AB4587FB18A4C75A3 /* Pods-Checkers(KulakovDenis).release.xcconfig */;
			buildSettings = {
				ASSETCATALOG_COMPILER_APPICON_NAME = AppIcon;
				ASSETCATALOG_COMPILER_GLOBAL_ACCENT_COLOR_NAME = AccentColor;
				CODE_SIGN_STYLE = Automatic;
				CURRENT_PROJECT_VERSION = 1;
				DEVELOPMENT_TEAM = 6464RAB4U4;
				GENERATE_INFOPLIST_FILE = YES;
				INFOPLIST_FILE = "Checkers(KulakovDenis)/Info.plist";
				INFOPLIST_KEY_CFBundleDisplayName = Checkers;
				INFOPLIST_KEY_UIApplicationSupportsIndirectInputEvents = YES;
				INFOPLIST_KEY_UILaunchStoryboardName = LaunchScreen;
				INFOPLIST_KEY_UISupportedInterfaceOrientations = UIInterfaceOrientationPortrait;
				INFOPLIST_KEY_UISupportedInterfaceOrientations_iPad = "UIInterfaceOrientationPortrait UIInterfaceOrientationPortraitUpsideDown UIInterfaceOrientationLandscapeLeft UIInterfaceOrientationLandscapeRight";
				INFOPLIST_KEY_UISupportedInterfaceOrientations_iPhone = "UIInterfaceOrientationPortrait UIInterfaceOrientationLandscapeLeft UIInterfaceOrientationLandscapeRight";
				IPHONEOS_DEPLOYMENT_TARGET = 13.0;
				LD_RUNPATH_SEARCH_PATHS = (
					"$(inherited)",
					"@executable_path/Frameworks",
				);
				MARKETING_VERSION = 1.0;
				PRODUCT_BUNDLE_IDENTIFIER = com.kulakov.Checkers;
				PRODUCT_NAME = "$(TARGET_NAME)";
				SWIFT_EMIT_LOC_STRINGS = YES;
				SWIFT_VERSION = 5.0;
				TARGETED_DEVICE_FAMILY = "1,2";
			};
			name = Release;
		};
/* End XCBuildConfiguration section */

/* Begin XCConfigurationList section */
		B8FDE71627C5769A0087F33C /* Build configuration list for PBXProject "Checkers(KulakovDenis)" */ = {
			isa = XCConfigurationList;
			buildConfigurations = (
				B8FDE72D27C5769C0087F33C /* Debug */,
				B8FDE72E27C5769C0087F33C /* Release */,
			);
			defaultConfigurationIsVisible = 0;
			defaultConfigurationName = Release;
		};
		B8FDE72F27C5769C0087F33C /* Build configuration list for PBXNativeTarget "Checkers(KulakovDenis)" */ = {
			isa = XCConfigurationList;
			buildConfigurations = (
				B8FDE73027C5769C0087F33C /* Debug */,
				B8FDE73127C5769C0087F33C /* Release */,
			);
			defaultConfigurationIsVisible = 0;
			defaultConfigurationName = Release;
		};
/* End XCConfigurationList section */

/* Begin XCVersionGroup section */
		B847FD01286A67190076967E /* HistoryGamesDB.xcdatamodeld */ = {
			isa = XCVersionGroup;
			children = (
				B847FD02286A67190076967E /* HistoryGamesDB.xcdatamodel */,
			);
			currentVersion = B847FD02286A67190076967E /* HistoryGamesDB.xcdatamodel */;
			path = HistoryGamesDB.xcdatamodeld;
			sourceTree = "<group>";
			versionGroupType = wrapper.xcdatamodel;
		};
/* End XCVersionGroup section */
	};
	rootObject = B8FDE71327C5769A0087F33C /* Project object */;
}
